<?xml version="1.0" encoding="utf-8"?>
<Project ToolsVersion="4.0" xmlns="http://schemas.microsoft.com/developer/msbuild/2003">
  <ItemGroup>
    <ClCompile Include="Assignement2.cpp" />
    <ClCompile Include="IOSwitcher.cpp" />
    <ClCompile Include="Tarjan.cpp" />
    <ClCompile Include="Dijkstra.cpp" />
    <ClCompile Include="SimpleSCC.cpp" />
    <ClCompile Include="save_txt_file.cpp" />
  </ItemGroup>
  <ItemGroup>
    <ClInclude Include="IOSwitcher.h" />
    <ClInclude Include="Edge.h" />
    <ClInclude Include="Vertex.h" />
    <ClInclude Include="Assignement2.h" />
    <ClInclude Include="Tarjan.h" />
    <ClInclude Include="VertexC.h" />
    <ClInclude Include="Heap.h" />
    <ClInclude Include="Dijkstra.h" />
    <ClInclude Include="SimpleSCC.h" />
    <ClInclude Include="StronglyConnectedComponents.h" />
    <ClInclude Include="save_txt_file.h" />
    <ClInclude Include="VertexT.h" />
  </ItemGroup>
</Project>